
Microsoft Visual Studio Solution File, Format Version 12.00
# Visual Studio Version 17
VisualStudioVersion = 17.14.36717.8
MinimumVisualStudioVersion = 10.0.40219.1
Project("{FAE04EC0-301F-11D3-BF4B-00C04F79EFBC}") = "PujcovnaAut", "PujcovnaAut\PujcovnaAut.csproj", "{63197842-E2E8-4503-9C91-7A7BF2B35A98}"
EndProject
Project("{FAE04EC0-301F-11D3-BF4B-00C04F79EFBC}") = "DataEntity", "DataEntity\DataEntity.csproj", "{C08D678F-EF84-4D64-8D82-6C979048A518}"
EndProject
Global
	GlobalSection(SolutionConfigurationPlatforms) = preSolution
		Debug|Any CPU = Debug|Any CPU
		Release|Any CPU = Release|Any CPU
	EndGlobalSection
	GlobalSection(ProjectConfigurationPlatforms) = postSolution
		{63197842-E2E8-4503-9C91-7A7BF2B35A98}.Debug|Any CPU.ActiveCfg = Debug|Any CPU
		{63197842-E2E8-4503-9C91-7A7BF2B35A98}.Debug|Any CPU.Build.0 = Debug|Any CPU
		{63197842-E2E8-4503-9C91-7A7BF2B35A98}.Release|Any CPU.ActiveCfg = Release|Any CPU
		{63197842-E2E8-4503-9C91-7A7BF2B35A98}.Release|Any CPU.Build.0 = Release|Any CPU
		{C08D678F-EF84-4D64-8D82-6C979048A518}.Debug|Any CPU.ActiveCfg = Debug|Any CPU
		{C08D678F-EF84-4D64-8D82-6C979048A518}.Debug|Any CPU.Build.0 = Debug|Any CPU
		{C08D678F-EF84-4D64-8D82-6C979048A518}.Release|Any CPU.ActiveCfg = Release|Any CPU
		{C08D678F-EF84-4D64-8D82-6C979048A518}.Release|Any CPU.Build.0 = Release|Any CPU
	EndGlobalSection
	GlobalSection(SolutionProperties) = preSolution
		HideSolutionNode = FALSE
	EndGlobalSection
	GlobalSection(ExtensibilityGlobals) = postSolution
		SolutionGuid = {73A4618B-A444-453A-8AF2-72F133511B1A}
	EndGlobalSection
EndGlobal
